
Microsoft Visual Studio Solution File, Format Version 12.00
# Visual Studio Version 17
VisualStudioVersion = 17.11.35312.102
MinimumVisualStudioVersion = 10.0.40219.1
Project("{FAE04EC0-301F-11D3-BF4B-00C04F79EFBC}") = "NewAPI", "NewAPI.csproj", "{51013B29-F3B5-44DF-9CC1-60F715D10A63}"
EndProject
Global
	GlobalSection(SolutionConfigurationPlatforms) = preSolution
		Debug|Any CPU = Debug|Any CPU
		Release|Any CPU = Release|Any CPU
	EndGlobalSection
	GlobalSection(ProjectConfigurationPlatforms) = postSolution
		{51013B29-F3B5-44DF-9CC1-60F715D10A63}.Debug|Any CPU.ActiveCfg = Debug|Any CPU
		{51013B29-F3B5-44DF-9CC1-60F715D10A63}.Debug|Any CPU.Build.0 = Debug|Any CPU
		{51013B29-F3B5-44DF-9CC1-60F715D10A63}.Release|Any CPU.ActiveCfg = Release|Any CPU
		{51013B29-F3B5-44DF-9CC1-60F715D10A63}.Release|Any CPU.Build.0 = Release|Any CPU
	EndGlobalSection
	GlobalSection(SolutionProperties) = preSolution
		HideSolutionNode = FALSE
	EndGlobalSection
	GlobalSection(ExtensibilityGlobals) = postSolution
		SolutionGuid = {9583010A-4FDC-4393-B7E3-5B0D947E8E67}
	EndGlobalSection
EndGlobal
